// !$*UTF8*$!
{
	archiveVersion = 1;
	classes = {
	};
	objectVersion = 50;
	objects = {

/* Begin PBXBuildFile section */
		88650B41216CFCC90075E5B0 /* AppDelegate.swift in Sources */ = {isa = PBXBuildFile; fileRef = 88650B40216CFCC90075E5B0 /* AppDelegate.swift */; };
		88650B43216CFCC90075E5B0 /* ViewController.swift in Sources */ = {isa = PBXBuildFile; fileRef = 88650B42216CFCC90075E5B0 /* ViewController.swift */; };
		88650B46216CFCC90075E5B0 /* Main.storyboard in Resources */ = {isa = PBXBuildFile; fileRef = 88650B44216CFCC90075E5B0 /* Main.storyboard */; };
		88650B48216CFCCA0075E5B0 /* Assets.xcassets in Resources */ = {isa = PBXBuildFile; fileRef = 88650B47216CFCCA0075E5B0 /* Assets.xcassets */; };
		88650B4B216CFCCA0075E5B0 /* LaunchScreen.storyboard in Resources */ = {isa = PBXBuildFile; fileRef = 88650B49216CFCCA0075E5B0 /* LaunchScreen.storyboard */; };
/* End PBXBuildFile section */

/* Begin PBXFileReference section */
		88650B3D216CFCC90075E5B0 /* Guess How Many Hours of My Life I've Wasted On Fortnite.app */ = {isa = PBXFileReference; explicitFileType = wrapper.application; includeInIndex = 0; path = "Guess How Many Hours of My Life I've Wasted On Fortnite.app"; sourceTree = BUILT_PRODUCTS_DIR; };
		88650B40216CFCC90075E5B0 /* AppDelegate.swift */ = {isa = PBXFileReference; lastKnownFileType = sourcecode.swift; path = AppDelegate.swift; sourceTree = "<group>"; };
		88650B42216CFCC90075E5B0 /* ViewController.swift */ = {isa = PBXFileReference; lastKnownFileType = sourcecode.swift; path = ViewController.swift; sourceTree = "<group>"; };
		88650B45216CFCC90075E5B0 /* Base */ = {isa = PBXFileReference; lastKnownFileType = file.storyboard; name = Base; path = Base.lproj/Main.storyboard; sourceTree = "<group>"; };
		88650B47216CFCCA0075E5B0 /* Assets.xcassets */ = {isa = PBXFileReference; lastKnownFileType = folder.assetcatalog; path = Assets.xcassets; sourceTree = "<group>"; };
		88650B4A216CFCCA0075E5B0 /* Base */ = {isa = PBXFileReference; lastKnownFileType = file.storyboard; name = Base; path = Base.lproj/LaunchScreen.storyboard; sourceTree = "<group>"; };
		88650B4C216CFCCA0075E5B0 /* Info.plist */ = {isa = PBXFileReference; lastKnownFileType = text.plist.xml; path = Info.plist; sourceTree = "<group>"; };
/* End PBXFileReference section */

/* Begin PBXFrameworksBuildPhase section */
		88650B3A216CFCC90075E5B0 /* Frameworks */ = {
			isa = PBXFrameworksBuildPhase;
			buildActionMask = 2147483647;
			files = (
			);
			runOnlyForDeploymentPostprocessing = 0;
		};
/* End PBXFrameworksBuildPhase section */

/* Begin PBXGroup section */
		88650B34216CFCC90075E5B0 = {
			isa = PBXGroup;
			children = (
				88650B3F216CFCC90075E5B0 /* Guess How Many Hours of My Life I've Wasted On Fortnite */,
				88650B3E216CFCC90075E5B0 /* Products */,
			);
			sourceTree = "<group>";
		};
		88650B3E216CFCC90075E5B0 /* Products */ = {
			isa = PBXGroup;
			children = (
				88650B3D216CFCC90075E5B0 /* Guess How Many Hours of My Life I've Wasted On Fortnite.app */,
			);
			name = Products;
			sourceTree = "<group>";
		};
		88650B3F216CFCC90075E5B0 /* Guess How Many Hours of My Life I've Wasted On Fortnite */ = {
			isa = PBXGroup;
			children = (
				88650B40216CFCC90075E5B0 /* AppDelegate.swift */,
				88650B42216CFCC90075E5B0 /* ViewController.swift */,
				88650B44216CFCC90075E5B0 /* Main.storyboard */,
				88650B47216CFCCA0075E5B0 /* Assets.xcassets */,
				88650B49216CFCCA0075E5B0 /* LaunchScreen.storyboard */,
				88650B4C216CFCCA0075E5B0 /* Info.plist */,
			);
			path = "Guess How Many Hours of My Life I've Wasted On Fortnite";
			sourceTree = "<group>";
		};
/* End PBXGroup section */

/* Begin PBXNativeTarget section */
		88650B3C216CFCC90075E5B0 /* Guess How Many Hours of My Life I've Wasted On Fortnite */ = {
			isa = PBXNativeTarget;
			buildConfigurationList = 88650B4F216CFCCA0075E5B0 /* Build configuration list for PBXNativeTarget "Guess How Many Hours of My Life I've Wasted On Fortnite" */;
			buildPhases = (
				88650B39216CFCC90075E5B0 /* Sources */,
				88650B3A216CFCC90075E5B0 /* Frameworks */,
				88650B3B216CFCC90075E5B0 /* Resources */,
			);
			buildRules = (
			);
			dependencies = (
			);
			name = "Guess How Many Hours of My Life I've Wasted On Fortnite";
			productName = "Guess How Many Hours of My Life I've Wasted On Fortnite";
			productReference = 88650B3D216CFCC90075E5B0 /* Guess How Many Hours of My Life I've Wasted On Fortnite.app */;
			productType = "com.apple.product-type.application";
		};
/* End PBXNativeTarget section */

/* Begin PBXProject section */
		88650B35216CFCC90075E5B0 /* Project object */ = {
			isa = PBXProject;
			attributes = {
				LastSwiftUpdateCheck = 1000;
				LastUpgradeCheck = 1000;
				TargetAttributes = {
					88650B3C216CFCC90075E5B0 = {
						CreatedOnToolsVersion = 10.0;
					};
				};
			};
			buildConfigurationList = 88650B38216CFCC90075E5B0 /* Build configuration list for PBXProject "Guess How Many Hours of My Life I've Wasted On Fortnite" */;
			compatibilityVersion = "Xcode 9.3";
			developmentRegion = en;
			hasScannedForEncodings = 0;
			knownRegions = (
				en,
				Base,
			);
			mainGroup = 88650B34216CFCC90075E5B0;
			productRefGroup = 88650B3E216CFCC90075E5B0 /* Products */;
			projectDirPath = "";
			projectRoot = "";
			targets = (
				88650B3C216CFCC90075E5B0 /* Guess How Many Hours of My Life I've Wasted On Fortnite */,
			);
		};
/* End PBXProject section */

/* Begin PBXResourcesBuildPhase section */
		88650B3B216CFCC90075E5B0 /* Resources */ = {
			isa = PBXResourcesBuildPhase;
			buildActionMask = 2147483647;
			files = (
				88650B4B216CFCCA0075E5B0 /* LaunchScreen.storyboard in Resources */,
				88650B48216CFCCA0075E5B0 /* Assets.xcassets in Resources */,
				88650B46216CFCC90075E5B0 /* Main.storyboard in Resources */,
			);
			runOnlyForDeploymentPostprocessing = 0;
		};
/* End PBXResourcesBuildPhase section */

/* Begin PBXSourcesBuildPhase section */
		88650B39216CFCC90075E5B0 /* Sources */ = {
			isa = PBXSourcesBuildPhase;
			buildActionMask = 2147483647;
			files = (
				88650B43216CFCC90075E5B0 /* ViewController.swift in Sources */,
				88650B41216CFCC90075E5B0 /* AppDelegate.swift in Sources */,
			);
			runOnlyForDeploymentPostprocessing = 0;
		};
/* End PBXSourcesBuildPhase section */

/* Begin PBXVariantGroup section */
		88650B44216CFCC90075E5B0 /* Main.storyboard */ = {
			isa = PBXVariantGroup;
			children = (
				88650B45216CFCC90075E5B0 /* Base */,
			);
			name = Main.storyboard;
			sourceTree = "<group>";
		};
		88650B49216CFCCA0075E5B0 /* LaunchScreen.storyboard */ = {
			isa = PBXVariantGroup;
			children = (
				88650B4A216CFCCA0075E5B0 /* Base */,
			);
			name = LaunchScreen.storyboard;
			sourceTree = "<group>";
		};
/* End PBXVariantGroup section */

/* Begin XCBuildConfiguration section */
		88650B4D216CFCCA0075E5B0 /* Debug */ = {
			isa = XCBuildConfiguration;
			buildSettings = {
				ALWAYS_SEARCH_USER_PATHS = NO;
				CLANG_ANALYZER_NONNULL = YES;
				CLANG_ANALYZER_NUMBER_OBJECT_CONVERSION = YES_AGGRESSIVE;
				CLANG_CXX_LANGUAGE_STANDARD = "gnu++14";
				CLANG_CXX_LIBRARY = "libc++";
				CLANG_ENABLE_MODULES = YES;
				CLANG_ENABLE_OBJC_ARC = YES;
				CLANG_ENABLE_OBJC_WEAK = YES;
				CLANG_WARN_BLOCK_CAPTURE_AUTORELEASING = YES;
				CLANG_WARN_BOOL_CONVERSION = YES;
				CLANG_WARN_COMMA = YES;
				CLANG_WARN_CONSTANT_CONVERSION = YES;
				CLANG_WARN_DEPRECATED_OBJC_IMPLEMENTATIONS = YES;
				CLANG_WARN_DIRECT_OBJC_ISA_USAGE = YES_ERROR;
				CLANG_WARN_DOCUMENTATION_COMMENTS = YES;
				CLANG_WARN_EMPTY_BODY = YES;
				CLANG_WARN_ENUM_CONVERSION = YES;
				CLANG_WARN_INFINITE_RECURSION = YES;
				CLANG_WARN_INT_CONVERSION = YES;
				CLANG_WARN_NON_LITERAL_NULL_CONVERSION = YES;
				CLANG_WARN_OBJC_IMPLICIT_RETAIN_SELF = YES;
				CLANG_WARN_OBJC_LITERAL_CONVERSION = YES;
				CLANG_WARN_OBJC_ROOT_CLASS = YES_ERROR;
				CLANG_WARN_RANGE_LOOP_ANALYSIS = YES;
				CLANG_WARN_STRICT_PROTOTYPES = YES;
				CLANG_WARN_SUSPICIOUS_MOVE = YES;
				CLANG_WARN_UNGUARDED_AVAILABILITY = YES_AGGRESSIVE;
				CLANG_WARN_UNREACHABLE_CODE = YES;
				CLANG_WARN__DUPLICATE_METHOD_MATCH = YES;
				CODE_SIGN_IDENTITY = "iPhone Developer";
				COPY_PHASE_STRIP = NO;
				DEBUG_INFORMATION_FORMAT = dwarf;
				ENABLE_STRICT_OBJC_MSGSEND = YES;
				ENABLE_TESTABILITY = YES;
				GCC_C_LANGUAGE_STANDARD = gnu11;
				GCC_DYNAMIC_NO_PIC = NO;
				GCC_NO_COMMON_BLOCKS = YES;
				GCC_OPTIMIZATION_LEVEL = 0;
				GCC_PREPROCESSOR_DEFINITIONS = (
					"DEBUG=1",
					"$(inherited)",
				);
				GCC_WARN_64_TO_32_BIT_CONVERSION = YES;
				GCC_WARN_ABOUT_RETURN_TYPE = YES_ERROR;
				GCC_WARN_UNDECLARED_SELECTOR = YES;
				GCC_WARN_UNINITIALIZED_AUTOS = YES_AGGRESSIVE;
				GCC_WARN_UNUSED_FUNCTION = YES;
				GCC_WARN_UNUSED_VARIABLE = YES;
				IPHONEOS_DEPLOYMENT_TARGET = 12.0;
				MTL_ENABLE_DEBUG_INFO = INCLUDE_SOURCE;
				MTL_FAST_MATH = YES;
				ONLY_ACTIVE_ARCH = YES;
				SDKROOT = iphoneos;
				SWIFT_ACTIVE_COMPILATION_CONDITIONS = DEBUG;
				SWIFT_OPTIMIZATION_LEVEL = "-Onone";
			};
			name = Debug;
		};
		88650B4E216CFCCA0075E5B0 /* Release */ = {
			isa = XCBuildConfiguration;
			buildSettings = {
				ALWAYS_SEARCH_USER_PATHS = NO;
				CLANG_ANALYZER_NONNULL = YES;
				CLANG_ANALYZER_NUMBER_OBJECT_CONVERSION = YES_AGGRESSIVE;
				CLANG_CXX_LANGUAGE_STANDARD = "gnu++14";
				CLANG_CXX_LIBRARY = "libc++";
				CLANG_ENABLE_MODULES = YES;
				CLANG_ENABLE_OBJC_ARC = YES;
				CLANG_ENABLE_OBJC_WEAK = YES;
				CLANG_WARN_BLOCK_CAPTURE_AUTORELEASING = YES;
				CLANG_WARN_BOOL_CONVERSION = YES;
				CLANG_WARN_COMMA = YES;
				CLANG_WARN_CONSTANT_CONVERSION = YES;
				CLANG_WARN_DEPRECATED_OBJC_IMPLEMENTATIONS = YES;
				CLANG_WARN_DIRECT_OBJC_ISA_USAGE = YES_ERROR;
				CLANG_WARN_DOCUMENTATION_COMMENTS = YES;
				CLANG_WARN_EMPTY_BODY = YES;
				CLANG_WARN_ENUM_CONVERSION = YES;
				CLANG_WARN_INFINITE_RECURSION = YES;
				CLANG_WARN_INT_CONVERSION = YES;
				CLANG_WARN_NON_LITERAL_NULL_CONVERSION = YES;
				CLANG_WARN_OBJC_IMPLICIT_RETAIN_SELF = YES;
				CLANG_WARN_OBJC_LITERAL_CONVERSION = YES;
				CLANG_WARN_OBJC_ROOT_CLASS = YES_ERROR;
				CLANG_WARN_RANGE_LOOP_ANALYSIS = YES;
				CLANG_WARN_STRICT_PROTOTYPES = YES;
				CLANG_WARN_SUSPICIOUS_MOVE = YES;
				CLANG_WARN_UNGUARDED_AVAILABILITY = YES_AGGRESSIVE;
				CLANG_WARN_UNREACHABLE_CODE = YES;
				CLANG_WARN__DUPLICATE_METHOD_MATCH = YES;
				CODE_SIGN_IDENTITY = "iPhone Developer";
				COPY_PHASE_STRIP = NO;
				DEBUG_INFORMATION_FORMAT = "dwarf-with-dsym";
				ENABLE_NS_ASSERTIONS = NO;
				ENABLE_STRICT_OBJC_MSGSEND = YES;
				GCC_C_LANGUAGE_STANDARD = gnu11;
				GCC_NO_COMMON_BLOCKS = YES;
				GCC_WARN_64_TO_32_BIT_CONVERSION = YES;
				GCC_WARN_ABOUT_RETURN_TYPE = YES_ERROR;
				GCC_WARN_UNDECLARED_SELECTOR = YES;
				GCC_WARN_UNINITIALIZED_AUTOS = YES_AGGRESSIVE;
				GCC_WARN_UNUSED_FUNCTION = YES;
				GCC_WARN_UNUSED_VARIABLE = YES;
				IPHONEOS_DEPLOYMENT_TARGET = 12.0;
				MTL_ENABLE_DEBUG_INFO = NO;
				MTL_FAST_MATH = YES;
				SDKROOT = iphoneos;
				SWIFT_COMPILATION_MODE = wholemodule;
				SWIFT_OPTIMIZATION_LEVEL = "-O";
				VALIDATE_PRODUCT = YES;
			};
			name = Release;
		};
		88650B50216CFCCA0075E5B0 /* Debug */ = {
			isa = XCBuildConfiguration;
			buildSettings = {
				ASSETCATALOG_COMPILER_APPICON_NAME = AppIcon;
				CODE_SIGN_STYLE = Automatic;
				INFOPLIST_FILE = "Guess How Many Hours of My Life I've Wasted On Fortnite/Info.plist";
				LD_RUNPATH_SEARCH_PATHS = (
					"$(inherited)",
					"@executable_path/Frameworks",
				);
				PRODUCT_BUNDLE_IDENTIFIER = "com.jacobGlass.Guess-How-Many-Hours-of-My-Life-I-ve-Wasted-On-Fortnite";
				PRODUCT_NAME = "$(TARGET_NAME)";
				SWIFT_VERSION = 4.2;
				TARGETED_DEVICE_FAMILY = "1,2";
			};
			name = Debug;
		};
		88650B51216CFCCA0075E5B0 /* Release */ = {
			isa = XCBuildConfiguration;
			buildSettings = {
				ASSETCATALOG_COMPILER_APPICON_NAME = AppIcon;
				CODE_SIGN_STYLE = Automatic;
				INFOPLIST_FILE = "Guess How Many Hours of My Life I've Wasted On Fortnite/Info.plist";
				LD_RUNPATH_SEARCH_PATHS = (
					"$(inherited)",
					"@executable_path/Frameworks",
				);
				PRODUCT_BUNDLE_IDENTIFIER = "com.jacobGlass.Guess-How-Many-Hours-of-My-Life-I-ve-Wasted-On-Fortnite";
				PRODUCT_NAME = "$(TARGET_NAME)";
				SWIFT_VERSION = 4.2;
				TARGETED_DEVICE_FAMILY = "1,2";
			};
			name = Release;
		};
/* End XCBuildConfiguration section */

/* Begin XCConfigurationList section */
		88650B38216CFCC90075E5B0 /* Build configuration list for PBXProject "Guess How Many Hours of My Life I've Wasted On Fortnite" */ = {
			isa = XCConfigurationList;
			buildConfigurations = (
				88650B4D216CFCCA0075E5B0 /* Debug */,
				88650B4E216CFCCA0075E5B0 /* Release */,
			);
			defaultConfigurationIsVisible = 0;
			defaultConfigurationName = Release;
		};
		88650B4F216CFCCA0075E5B0 /* Build configuration list for PBXNativeTarget "Guess How Many Hours of My Life I've Wasted On Fortnite" */ = {
			isa = XCConfigurationList;
			buildConfigurations = (
				88650B50216CFCCA0075E5B0 /* Debug */,
				88650B51216CFCCA0075E5B0 /* Release */,
			);
			defaultConfigurationIsVisible = 0;
			defaultConfigurationName = Release;
		};
/* End XCConfigurationList section */
	};
	rootObject = 88650B35216CFCC90075E5B0 /* Project object */;
}
